
Microsoft Visual Studio Solution File, Format Version 12.00
# Visual Studio Version 17
VisualStudioVersion = 17.1.32210.238
MinimumVisualStudioVersion = 10.0.40219.1
Project("{FAE04EC0-301F-11D3-BF4B-00C04F79EFBC}") = "AnimatedMenu.Android", "AnimatedMenu\AnimatedMenu.Android\AnimatedMenu.Android.csproj", "{E4C96D88-5B61-4E05-A2BD-C909F03878AF}"
EndProject
Project("{FAE04EC0-301F-11D3-BF4B-00C04F79EFBC}") = "AnimatedMenu.iOS", "AnimatedMenu\AnimatedMenu.iOS\AnimatedMenu.iOS.csproj", "{C70630D1-84A0-487B-8DB5-AC282C1E016A}"
EndProject
Project("{FAE04EC0-301F-11D3-BF4B-00C04F79EFBC}") = "AnimatedMenu", "AnimatedMenu\AnimatedMenu\AnimatedMenu.csproj", "{9D80E4A3-0778-439C-B262-B65633E56D74}"
EndProject
Global
	GlobalSection(SolutionConfigurationPlatforms) = preSolution
		Debug|Any CPU = Debug|Any CPU
		Debug|iPhone = Debug|iPhone
		Debug|iPhoneSimulator = Debug|iPhoneSimulator
		Release|Any CPU = Release|Any CPU
		Release|iPhone = Release|iPhone
		Release|iPhoneSimulator = Release|iPhoneSimulator
	EndGlobalSection
	GlobalSection(ProjectConfigurationPlatforms) = postSolution
		{E4C96D88-5B61-4E05-A2BD-C909F03878AF}.Debug|Any CPU.ActiveCfg = Debug|Any CPU
		{E4C96D88-5B61-4E05-A2BD-C909F03878AF}.Debug|Any CPU.Build.0 = Debug|Any CPU
		{E4C96D88-5B61-4E05-A2BD-C909F03878AF}.Debug|Any CPU.Deploy.0 = Debug|Any CPU
		{E4C96D88-5B61-4E05-A2BD-C909F03878AF}.Debug|iPhone.ActiveCfg = Debug|Any CPU
		{E4C96D88-5B61-4E05-A2BD-C909F03878AF}.Debug|iPhone.Build.0 = Debug|Any CPU
		{E4C96D88-5B61-4E05-A2BD-C909F03878AF}.Debug|iPhone.Deploy.0 = Debug|Any CPU
		{E4C96D88-5B61-4E05-A2BD-C909F03878AF}.Debug|iPhoneSimulator.ActiveCfg = Debug|Any CPU
		{E4C96D88-5B61-4E05-A2BD-C909F03878AF}.Debug|iPhoneSimulator.Build.0 = Debug|Any CPU
		{E4C96D88-5B61-4E05-A2BD-C909F03878AF}.Debug|iPhoneSimulator.Deploy.0 = Debug|Any CPU
		{E4C96D88-5B61-4E05-A2BD-C909F03878AF}.Release|Any CPU.ActiveCfg = Release|Any CPU
		{E4C96D88-5B61-4E05-A2BD-C909F03878AF}.Release|Any CPU.Build.0 = Release|Any CPU
		{E4C96D88-5B61-4E05-A2BD-C909F03878AF}.Release|Any CPU.Deploy.0 = Release|Any CPU
		{E4C96D88-5B61-4E05-A2BD-C909F03878AF}.Release|iPhone.ActiveCfg = Release|Any CPU
		{E4C96D88-5B61-4E05-A2BD-C909F03878AF}.Release|iPhone.Build.0 = Release|Any CPU
		{E4C96D88-5B61-4E05-A2BD-C909F03878AF}.Release|iPhone.Deploy.0 = Release|Any CPU
		{E4C96D88-5B61-4E05-A2BD-C909F03878AF}.Release|iPhoneSimulator.ActiveCfg = Release|Any CPU
		{E4C96D88-5B61-4E05-A2BD-C909F03878AF}.Release|iPhoneSimulator.Build.0 = Release|Any CPU
		{E4C96D88-5B61-4E05-A2BD-C909F03878AF}.Release|iPhoneSimulator.Deploy.0 = Release|Any CPU
		{C70630D1-84A0-487B-8DB5-AC282C1E016A}.Debug|Any CPU.ActiveCfg = Debug|iPhone
		{C70630D1-84A0-487B-8DB5-AC282C1E016A}.Debug|Any CPU.Build.0 = Debug|iPhone
		{C70630D1-84A0-487B-8DB5-AC282C1E016A}.Debug|Any CPU.Deploy.0 = Debug|iPhone
		{C70630D1-84A0-487B-8DB5-AC282C1E016A}.Debug|iPhone.ActiveCfg = Debug|iPhone
		{C70630D1-84A0-487B-8DB5-AC282C1E016A}.Debug|iPhone.Build.0 = Debug|iPhone
		{C70630D1-84A0-487B-8DB5-AC282C1E016A}.Debug|iPhone.Deploy.0 = Debug|iPhone
		{C70630D1-84A0-487B-8DB5-AC282C1E016A}.Debug|iPhoneSimulator.ActiveCfg = Debug|iPhoneSimulator
		{C70630D1-84A0-487B-8DB5-AC282C1E016A}.Debug|iPhoneSimulator.Build.0 = Debug|iPhoneSimulator
		{C70630D1-84A0-487B-8DB5-AC282C1E016A}.Debug|iPhoneSimulator.Deploy.0 = Debug|iPhoneSimulator
		{C70630D1-84A0-487B-8DB5-AC282C1E016A}.Release|Any CPU.ActiveCfg = Release|iPhoneSimulator
		{C70630D1-84A0-487B-8DB5-AC282C1E016A}.Release|Any CPU.Build.0 = Release|iPhoneSimulator
		{C70630D1-84A0-487B-8DB5-AC282C1E016A}.Release|Any CPU.Deploy.0 = Release|iPhoneSimulator
		{C70630D1-84A0-487B-8DB5-AC282C1E016A}.Release|iPhone.ActiveCfg = Release|iPhone
		{C70630D1-84A0-487B-8DB5-AC282C1E016A}.Release|iPhone.Build.0 = Release|iPhone
		{C70630D1-84A0-487B-8DB5-AC282C1E016A}.Release|iPhone.Deploy.0 = Release|iPhone
		{C70630D1-84A0-487B-8DB5-AC282C1E016A}.Release|iPhoneSimulator.ActiveCfg = Release|iPhoneSimulator
		{C70630D1-84A0-487B-8DB5-AC282C1E016A}.Release|iPhoneSimulator.Build.0 = Release|iPhoneSimulator
		{C70630D1-84A0-487B-8DB5-AC282C1E016A}.Release|iPhoneSimulator.Deploy.0 = Release|iPhoneSimulator
		{9D80E4A3-0778-439C-B262-B65633E56D74}.Debug|Any CPU.ActiveCfg = Debug|Any CPU
		{9D80E4A3-0778-439C-B262-B65633E56D74}.Debug|Any CPU.Build.0 = Debug|Any CPU
		{9D80E4A3-0778-439C-B262-B65633E56D74}.Debug|Any CPU.Deploy.0 = Debug|Any CPU
		{9D80E4A3-0778-439C-B262-B65633E56D74}.Debug|iPhone.ActiveCfg = Debug|Any CPU
		{9D80E4A3-0778-439C-B262-B65633E56D74}.Debug|iPhone.Build.0 = Debug|Any CPU
		{9D80E4A3-0778-439C-B262-B65633E56D74}.Debug|iPhone.Deploy.0 = Debug|Any CPU
		{9D80E4A3-0778-439C-B262-B65633E56D74}.Debug|iPhoneSimulator.ActiveCfg = Debug|Any CPU
		{9D80E4A3-0778-439C-B262-B65633E56D74}.Debug|iPhoneSimulator.Build.0 = Debug|Any CPU
		{9D80E4A3-0778-439C-B262-B65633E56D74}.Debug|iPhoneSimulator.Deploy.0 = Debug|Any CPU
		{9D80E4A3-0778-439C-B262-B65633E56D74}.Release|Any CPU.ActiveCfg = Release|Any CPU
		{9D80E4A3-0778-439C-B262-B65633E56D74}.Release|Any CPU.Build.0 = Release|Any CPU
		{9D80E4A3-0778-439C-B262-B65633E56D74}.Release|Any CPU.Deploy.0 = Release|Any CPU
		{9D80E4A3-0778-439C-B262-B65633E56D74}.Release|iPhone.ActiveCfg = Release|Any CPU
		{9D80E4A3-0778-439C-B262-B65633E56D74}.Release|iPhone.Build.0 = Release|Any CPU
		{9D80E4A3-0778-439C-B262-B65633E56D74}.Release|iPhone.Deploy.0 = Release|Any CPU
		{9D80E4A3-0778-439C-B262-B65633E56D74}.Release|iPhoneSimulator.ActiveCfg = Release|Any CPU
		{9D80E4A3-0778-439C-B262-B65633E56D74}.Release|iPhoneSimulator.Build.0 = Release|Any CPU
		{9D80E4A3-0778-439C-B262-B65633E56D74}.Release|iPhoneSimulator.Deploy.0 = Release|Any CPU
	EndGlobalSection
	GlobalSection(SolutionProperties) = preSolution
		HideSolutionNode = FALSE
	EndGlobalSection
	GlobalSection(ExtensibilityGlobals) = postSolution
		SolutionGuid = {B1AE5B9E-847D-4389-AEB9-10220E453D7A}
	EndGlobalSection
EndGlobal
